
Microsoft Visual Studio Solution File, Format Version 10.00
# Visual C# Express 2008
Project("{FAE04EC0-301F-11D3-BF4B-00C04F79EFBC}") = "KS Executor Service", "ks_executor\KS Executor Service.csproj", "{2FA3EE86-6125-4C79-B122-35DFD0083EBA}"
EndProject
Project("{FAE04EC0-301F-11D3-BF4B-00C04F79EFBC}") = "KS Admin Console", "ks_admin\KS Admin Console.csproj", "{0617BE80-26E2-42E6-88F2-EDC32297532D}"
EndProject
Project("{FAE04EC0-301F-11D3-BF4B-00C04F79EFBC}") = "WinFormsUI", "WinFormsUI\WinFormsUI.csproj", "{C75532C4-765B-418E-B09B-46D36B2ABDB1}"
EndProject
Global
	GlobalSection(SolutionConfigurationPlatforms) = preSolution
		Debug|Any CPU = Debug|Any CPU
		Release|Any CPU = Release|Any CPU
	EndGlobalSection
	GlobalSection(ProjectConfigurationPlatforms) = postSolution
		{2FA3EE86-6125-4C79-B122-35DFD0083EBA}.Debug|Any CPU.ActiveCfg = Debug|Any CPU
		{2FA3EE86-6125-4C79-B122-35DFD0083EBA}.Debug|Any CPU.Build.0 = Debug|Any CPU
		{2FA3EE86-6125-4C79-B122-35DFD0083EBA}.Release|Any CPU.ActiveCfg = Release|Any CPU
		{2FA3EE86-6125-4C79-B122-35DFD0083EBA}.Release|Any CPU.Build.0 = Release|Any CPU
		{0617BE80-26E2-42E6-88F2-EDC32297532D}.Debug|Any CPU.ActiveCfg = Debug|Any CPU
		{0617BE80-26E2-42E6-88F2-EDC32297532D}.Debug|Any CPU.Build.0 = Debug|Any CPU
		{0617BE80-26E2-42E6-88F2-EDC32297532D}.Release|Any CPU.ActiveCfg = Release|Any CPU
		{0617BE80-26E2-42E6-88F2-EDC32297532D}.Release|Any CPU.Build.0 = Release|Any CPU
		{C75532C4-765B-418E-B09B-46D36B2ABDB1}.Debug|Any CPU.ActiveCfg = Debug|Any CPU
		{C75532C4-765B-418E-B09B-46D36B2ABDB1}.Debug|Any CPU.Build.0 = Debug|Any CPU
		{C75532C4-765B-418E-B09B-46D36B2ABDB1}.Release|Any CPU.ActiveCfg = Release|Any CPU
		{C75532C4-765B-418E-B09B-46D36B2ABDB1}.Release|Any CPU.Build.0 = Release|Any CPU
	EndGlobalSection
	GlobalSection(SolutionProperties) = preSolution
		HideSolutionNode = FALSE
	EndGlobalSection
EndGlobal
